
Microsoft Visual Studio Solution File, Format Version 12.00
# Visual Studio Version 17
VisualStudioVersion = 17.7.34031.279
MinimumVisualStudioVersion = 10.0.40219.1
Project("{FAE04EC0-301F-11D3-BF4B-00C04F79EFBC}") = "HotelManagementSystem", "HotelManagementSystem\HotelManagementSystem.csproj", "{AD0DFADE-59F3-41A4-9BA7-A3B95B1E7B1D}"
EndProject
Global
	GlobalSection(SolutionConfigurationPlatforms) = preSolution
		Debug|Any CPU = Debug|Any CPU
		Release|Any CPU = Release|Any CPU
	EndGlobalSection
	GlobalSection(ProjectConfigurationPlatforms) = postSolution
		{AD0DFADE-59F3-41A4-9BA7-A3B95B1E7B1D}.Debug|Any CPU.ActiveCfg = Debug|Any CPU
		{AD0DFADE-59F3-41A4-9BA7-A3B95B1E7B1D}.Debug|Any CPU.Build.0 = Debug|Any CPU
		{AD0DFADE-59F3-41A4-9BA7-A3B95B1E7B1D}.Release|Any CPU.ActiveCfg = Release|Any CPU
		{AD0DFADE-59F3-41A4-9BA7-A3B95B1E7B1D}.Release|Any CPU.Build.0 = Release|Any CPU
	EndGlobalSection
	GlobalSection(SolutionProperties) = preSolution
		HideSolutionNode = FALSE
	EndGlobalSection
	GlobalSection(ExtensibilityGlobals) = postSolution
		SolutionGuid = {53AC4797-0D3A-4763-9FF8-36FAC45AA230}
	EndGlobalSection
EndGlobal
